
Microsoft Visual Studio Solution File, Format Version 12.00
# Visual Studio Version 16
VisualStudioVersion = 16.0.30330.147
MinimumVisualStudioVersion = 10.0.40219.1
Project("{FAE04EC0-301F-11D3-BF4B-00C04F79EFBC}") = "TalkaTIPServer", "TalkaTIPServer\TalkaTIPServer.csproj", "{E2C620EE-9DF4-476A-B672-C6AEA1BD838B}"
EndProject
Global
	GlobalSection(SolutionConfigurationPlatforms) = preSolution
		Debug|Any CPU = Debug|Any CPU
		Release|Any CPU = Release|Any CPU
	EndGlobalSection
	GlobalSection(ProjectConfigurationPlatforms) = postSolution
		{E2C620EE-9DF4-476A-B672-C6AEA1BD838B}.Debug|Any CPU.ActiveCfg = Debug|Any CPU
		{E2C620EE-9DF4-476A-B672-C6AEA1BD838B}.Debug|Any CPU.Build.0 = Debug|Any CPU
		{E2C620EE-9DF4-476A-B672-C6AEA1BD838B}.Release|Any CPU.ActiveCfg = Release|Any CPU
		{E2C620EE-9DF4-476A-B672-C6AEA1BD838B}.Release|Any CPU.Build.0 = Release|Any CPU
	EndGlobalSection
	GlobalSection(SolutionProperties) = preSolution
		HideSolutionNode = FALSE
	EndGlobalSection
	GlobalSection(ExtensibilityGlobals) = postSolution
		SolutionGuid = {16E352FC-EE16-408F-802E-C7F8C673F1D4}
	EndGlobalSection
EndGlobal
